
Microsoft Visual Studio Solution File, Format Version 12.00
# Visual Studio Version 17
VisualStudioVersion = 17.14.37012.4 d17.14
MinimumVisualStudioVersion = 10.0.40219.1
Project("{8BC9CEB8-8B4A-11D0-8D11-00A0C91BC942}") = "L1_20260224_CPP", "L1_20260224_CPP.vcxproj", "{203BD791-4FCF-4BBB-86DE-978DC392B1DD}"
EndProject
Global
	GlobalSection(SolutionConfigurationPlatforms) = preSolution
		Debug|x64 = Debug|x64
		Debug|x86 = Debug|x86
		Release|x64 = Release|x64
		Release|x86 = Release|x86
	EndGlobalSection
	GlobalSection(ProjectConfigurationPlatforms) = postSolution
		{203BD791-4FCF-4BBB-86DE-978DC392B1DD}.Debug|x64.ActiveCfg = Debug|x64
		{203BD791-4FCF-4BBB-86DE-978DC392B1DD}.Debug|x64.Build.0 = Debug|x64
		{203BD791-4FCF-4BBB-86DE-978DC392B1DD}.Debug|x86.ActiveCfg = Debug|Win32
		{203BD791-4FCF-4BBB-86DE-978DC392B1DD}.Debug|x86.Build.0 = Debug|Win32
		{203BD791-4FCF-4BBB-86DE-978DC392B1DD}.Release|x64.ActiveCfg = Release|x64
		{203BD791-4FCF-4BBB-86DE-978DC392B1DD}.Release|x64.Build.0 = Release|x64
		{203BD791-4FCF-4BBB-86DE-978DC392B1DD}.Release|x86.ActiveCfg = Release|Win32
		{203BD791-4FCF-4BBB-86DE-978DC392B1DD}.Release|x86.Build.0 = Release|Win32
	EndGlobalSection
	GlobalSection(SolutionProperties) = preSolution
		HideSolutionNode = FALSE
	EndGlobalSection
	GlobalSection(ExtensibilityGlobals) = postSolution
		SolutionGuid = {EB04DF2D-56F2-47C8-9568-14E961B5530B}
	EndGlobalSection
EndGlobal
